
Microsoft Visual Studio Solution File, Format Version 12.00
# Visual Studio Version 17
VisualStudioVersion = 17.6.33829.357
MinimumVisualStudioVersion = 10.0.40219.1
Project("{FAE04EC0-301F-11D3-BF4B-00C04F79EFBC}") = "CodingTracker", "CodingTracker\CodingTracker.csproj", "{4FE5DBD8-7B80-4188-B6D3-4A2729107E6C}"
EndProject
Global
	GlobalSection(SolutionConfigurationPlatforms) = preSolution
		Debug|Any CPU = Debug|Any CPU
		Release|Any CPU = Release|Any CPU
	EndGlobalSection
	GlobalSection(ProjectConfigurationPlatforms) = postSolution
		{4FE5DBD8-7B80-4188-B6D3-4A2729107E6C}.Debug|Any CPU.ActiveCfg = Debug|Any CPU
		{4FE5DBD8-7B80-4188-B6D3-4A2729107E6C}.Debug|Any CPU.Build.0 = Debug|Any CPU
		{4FE5DBD8-7B80-4188-B6D3-4A2729107E6C}.Release|Any CPU.ActiveCfg = Release|Any CPU
		{4FE5DBD8-7B80-4188-B6D3-4A2729107E6C}.Release|Any CPU.Build.0 = Release|Any CPU
	EndGlobalSection
	GlobalSection(SolutionProperties) = preSolution
		HideSolutionNode = FALSE
	EndGlobalSection
	GlobalSection(ExtensibilityGlobals) = postSolution
		SolutionGuid = {5349FA20-BBE8-449C-8492-6541739FA615}
	EndGlobalSection
EndGlobal
